
Microsoft Visual Studio Solution File, Format Version 12.00
# Visual Studio Version 17
VisualStudioVersion = 17.2.32602.215
MinimumVisualStudioVersion = 10.0.40219.1
Project("{2150E333-8FDC-42A3-9474-1A3956D46DE8}") = "Back", "Back", "{3AD02403-B41E-470E-B8F6-6AB301F1D907}"
EndProject
Project("{9A19103F-16F7-4668-BE54-9A1E7A4F7556}") = "RS.Core", "Back\RS.Core\RS.Core.csproj", "{11EF9598-1EDD-4748-86CB-4790A4CABCDF}"
EndProject
Project("{9A19103F-16F7-4668-BE54-9A1E7A4F7556}") = "RS.Parking.Domain", "Back\RS.Parking.Domain\RS.Parking.Domain.csproj", "{0FB05A78-B7EA-4B35-AF4F-B67CD2B25EC1}"
EndProject
Project("{9A19103F-16F7-4668-BE54-9A1E7A4F7556}") = "RS.Parking.Infrastructure", "Back\RS.Parking.Infrastructure\RS.Parking.Infrastructure.csproj", "{CA50BE73-8A71-48C0-99A9-D943A160937A}"
EndProject
Project("{9A19103F-16F7-4668-BE54-9A1E7A4F7556}") = "RS.Parking.Application", "Back\RS.Parking.Application\RS.Parking.Application.csproj", "{EC2C1CF9-3140-44EC-988F-6A6984AC33C4}"
EndProject
Project("{9A19103F-16F7-4668-BE54-9A1E7A4F7556}") = "RS.Parking.API", "Back\RS.Parking.API\RS.Parking.API.csproj", "{07F54ECB-1D6C-4B2E-941E-DBA2AF3E7B27}"
EndProject
Global
	GlobalSection(SolutionConfigurationPlatforms) = preSolution
		Debug|Any CPU = Debug|Any CPU
		Release|Any CPU = Release|Any CPU
	EndGlobalSection
	GlobalSection(ProjectConfigurationPlatforms) = postSolution
		{11EF9598-1EDD-4748-86CB-4790A4CABCDF}.Debug|Any CPU.ActiveCfg = Debug|Any CPU
		{11EF9598-1EDD-4748-86CB-4790A4CABCDF}.Debug|Any CPU.Build.0 = Debug|Any CPU
		{11EF9598-1EDD-4748-86CB-4790A4CABCDF}.Release|Any CPU.ActiveCfg = Release|Any CPU
		{11EF9598-1EDD-4748-86CB-4790A4CABCDF}.Release|Any CPU.Build.0 = Release|Any CPU
		{0FB05A78-B7EA-4B35-AF4F-B67CD2B25EC1}.Debug|Any CPU.ActiveCfg = Debug|Any CPU
		{0FB05A78-B7EA-4B35-AF4F-B67CD2B25EC1}.Debug|Any CPU.Build.0 = Debug|Any CPU
		{0FB05A78-B7EA-4B35-AF4F-B67CD2B25EC1}.Release|Any CPU.ActiveCfg = Release|Any CPU
		{0FB05A78-B7EA-4B35-AF4F-B67CD2B25EC1}.Release|Any CPU.Build.0 = Release|Any CPU
		{CA50BE73-8A71-48C0-99A9-D943A160937A}.Debug|Any CPU.ActiveCfg = Debug|Any CPU
		{CA50BE73-8A71-48C0-99A9-D943A160937A}.Debug|Any CPU.Build.0 = Debug|Any CPU
		{CA50BE73-8A71-48C0-99A9-D943A160937A}.Release|Any CPU.ActiveCfg = Release|Any CPU
		{CA50BE73-8A71-48C0-99A9-D943A160937A}.Release|Any CPU.Build.0 = Release|Any CPU
		{EC2C1CF9-3140-44EC-988F-6A6984AC33C4}.Debug|Any CPU.ActiveCfg = Debug|Any CPU
		{EC2C1CF9-3140-44EC-988F-6A6984AC33C4}.Debug|Any CPU.Build.0 = Debug|Any CPU
		{EC2C1CF9-3140-44EC-988F-6A6984AC33C4}.Release|Any CPU.ActiveCfg = Release|Any CPU
		{EC2C1CF9-3140-44EC-988F-6A6984AC33C4}.Release|Any CPU.Build.0 = Release|Any CPU
		{07F54ECB-1D6C-4B2E-941E-DBA2AF3E7B27}.Debug|Any CPU.ActiveCfg = Debug|Any CPU
		{07F54ECB-1D6C-4B2E-941E-DBA2AF3E7B27}.Debug|Any CPU.Build.0 = Debug|Any CPU
		{07F54ECB-1D6C-4B2E-941E-DBA2AF3E7B27}.Release|Any CPU.ActiveCfg = Release|Any CPU
		{07F54ECB-1D6C-4B2E-941E-DBA2AF3E7B27}.Release|Any CPU.Build.0 = Release|Any CPU
	EndGlobalSection
	GlobalSection(SolutionProperties) = preSolution
		HideSolutionNode = FALSE
	EndGlobalSection
	GlobalSection(NestedProjects) = preSolution
		{11EF9598-1EDD-4748-86CB-4790A4CABCDF} = {3AD02403-B41E-470E-B8F6-6AB301F1D907}
		{0FB05A78-B7EA-4B35-AF4F-B67CD2B25EC1} = {3AD02403-B41E-470E-B8F6-6AB301F1D907}
		{CA50BE73-8A71-48C0-99A9-D943A160937A} = {3AD02403-B41E-470E-B8F6-6AB301F1D907}
		{EC2C1CF9-3140-44EC-988F-6A6984AC33C4} = {3AD02403-B41E-470E-B8F6-6AB301F1D907}
		{07F54ECB-1D6C-4B2E-941E-DBA2AF3E7B27} = {3AD02403-B41E-470E-B8F6-6AB301F1D907}
	EndGlobalSection
	GlobalSection(ExtensibilityGlobals) = postSolution
		SolutionGuid = {12EF63F3-2E8D-4F3C-8527-B21588CF30C3}
	EndGlobalSection
EndGlobal
